
Microsoft Visual Studio Solution File, Format Version 12.00
# Visual Studio 14
VisualStudioVersion = 14.0.25123.0
MinimumVisualStudioVersion = 10.0.40219.1
Project("{FAE04EC0-301F-11D3-BF4B-00C04F79EFBC}") = "ChinesePoker.Core", "ChinesePoker.Core\ChinesePoker.Core.csproj", "{700E80AD-DB69-4992-8355-64222AA93566}"
EndProject
Project("{FAE04EC0-301F-11D3-BF4B-00C04F79EFBC}") = "ChinesePoker.Core.Tests", "ChinesePoker.Core.Tests\ChinesePoker.Core.Tests.csproj", "{1B95C9F3-1913-4CE9-B8CC-F83907421C69}"
EndProject
Global
	GlobalSection(SolutionConfigurationPlatforms) = preSolution
		Debug|Any CPU = Debug|Any CPU
		Release|Any CPU = Release|Any CPU
	EndGlobalSection
	GlobalSection(ProjectConfigurationPlatforms) = postSolution
		{700E80AD-DB69-4992-8355-64222AA93566}.Debug|Any CPU.ActiveCfg = Debug|Any CPU
		{700E80AD-DB69-4992-8355-64222AA93566}.Debug|Any CPU.Build.0 = Debug|Any CPU
		{700E80AD-DB69-4992-8355-64222AA93566}.Release|Any CPU.ActiveCfg = Release|Any CPU
		{700E80AD-DB69-4992-8355-64222AA93566}.Release|Any CPU.Build.0 = Release|Any CPU
		{1B95C9F3-1913-4CE9-B8CC-F83907421C69}.Debug|Any CPU.ActiveCfg = Debug|Any CPU
		{1B95C9F3-1913-4CE9-B8CC-F83907421C69}.Debug|Any CPU.Build.0 = Debug|Any CPU
		{1B95C9F3-1913-4CE9-B8CC-F83907421C69}.Release|Any CPU.ActiveCfg = Release|Any CPU
		{1B95C9F3-1913-4CE9-B8CC-F83907421C69}.Release|Any CPU.Build.0 = Release|Any CPU
	EndGlobalSection
	GlobalSection(SolutionProperties) = preSolution
		HideSolutionNode = FALSE
	EndGlobalSection
EndGlobal
